
Microsoft Visual Studio Solution File, Format Version 12.00
# Visual Studio Version 17
VisualStudioVersion = 17.9.34701.34
MinimumVisualStudioVersion = 10.0.40219.1
Project("{9A19103F-16F7-4668-BE54-9A1E7A4F7556}") = "JohnBPearson.Wpf.Executer", "JohnBPearson.Wpf.Executer\JohnBPearson.Wpf.Executer.csproj", "{049C1328-0C0C-4470-81F2-0C198277794F}"
EndProject
Project("{9A19103F-16F7-4668-BE54-9A1E7A4F7556}") = "JohnBPearson.Butlers.QuickLaunchCore", "..\JohnBPearson.Butlers.ApplicationExecuter\JohnBPearson.Butlers.QuickLaunchCore\JohnBPearson.Butlers.QuickLaunchCore.csproj", "{7FC3CA87-DC6A-4B35-BF90-951EAE9F10BB}"
EndProject
Global
	GlobalSection(SolutionConfigurationPlatforms) = preSolution
		Debug|Any CPU = Debug|Any CPU
		Release|Any CPU = Release|Any CPU
	EndGlobalSection
	GlobalSection(ProjectConfigurationPlatforms) = postSolution
		{049C1328-0C0C-4470-81F2-0C198277794F}.Debug|Any CPU.ActiveCfg = Debug|Any CPU
		{049C1328-0C0C-4470-81F2-0C198277794F}.Debug|Any CPU.Build.0 = Debug|Any CPU
		{049C1328-0C0C-4470-81F2-0C198277794F}.Release|Any CPU.ActiveCfg = Release|Any CPU
		{049C1328-0C0C-4470-81F2-0C198277794F}.Release|Any CPU.Build.0 = Release|Any CPU
		{7FC3CA87-DC6A-4B35-BF90-951EAE9F10BB}.Debug|Any CPU.ActiveCfg = Debug|Any CPU
		{7FC3CA87-DC6A-4B35-BF90-951EAE9F10BB}.Debug|Any CPU.Build.0 = Debug|Any CPU
		{7FC3CA87-DC6A-4B35-BF90-951EAE9F10BB}.Release|Any CPU.ActiveCfg = Release|Any CPU
		{7FC3CA87-DC6A-4B35-BF90-951EAE9F10BB}.Release|Any CPU.Build.0 = Release|Any CPU
	EndGlobalSection
	GlobalSection(SolutionProperties) = preSolution
		HideSolutionNode = FALSE
	EndGlobalSection
	GlobalSection(ExtensibilityGlobals) = postSolution
		SolutionGuid = {28CE6027-0AD4-45E3-8E2D-1DF43C66B12B}
	EndGlobalSection
EndGlobal
